<?xml version="1.0" encoding="utf-8"?>
<Project ToolsVersion="4.0" xmlns="http://schemas.microsoft.com/developer/msbuild/2003">
  <ItemGroup>
    <Filter Include="Aria">
      <UniqueIdentifier>{02A7827C-EEDD-830D-97CA-691083E0FF0E}</UniqueIdentifier>
    </Filter>
    <Filter Include="Aria\Events">
      <UniqueIdentifier>{A61C1AAC-12D2-92A1-9BC6-8C78077B89A5}</UniqueIdentifier>
    </Filter>
    <Filter Include="Platform">
      <UniqueIdentifier>{2AC788B4-1694-E3BF-3FAD-D1672BD9184E}</UniqueIdentifier>
    </Filter>
    <Filter Include="Platform\Windows">
      <UniqueIdentifier>{64FBD71A-50F4-F66C-7926-DCF1657ED678}</UniqueIdentifier>
    </Filter>
  </ItemGroup>
  <ItemGroup>
    <ClInclude Include="src\Aria.h" />
    <ClInclude Include="src\Aria\Application.h">
      <Filter>Aria</Filter>
    </ClInclude>
    <ClInclude Include="src\Aria\Core.h">
      <Filter>Aria</Filter>
    </ClInclude>
    <ClInclude Include="src\Aria\EntryPoint.h">
      <Filter>Aria</Filter>
    </ClInclude>
    <ClInclude Include="src\Aria\Events\ApplicationEvent.h">
      <Filter>Aria\Events</Filter>
    </ClInclude>
    <ClInclude Include="src\Aria\Events\Event.h">
      <Filter>Aria\Events</Filter>
    </ClInclude>
    <ClInclude Include="src\Aria\Events\KeyEvent.h">
      <Filter>Aria\Events</Filter>
    </ClInclude>
    <ClInclude Include="src\Aria\Events\MouseEvent.h">
      <Filter>Aria\Events</Filter>
    </ClInclude>
    <ClInclude Include="src\Aria\Layer.h">
      <Filter>Aria</Filter>
    </ClInclude>
    <ClInclude Include="src\Aria\LayerStack.h">
      <Filter>Aria</Filter>
    </ClInclude>
    <ClInclude Include="src\Aria\Log.h">
      <Filter>Aria</Filter>
    </ClInclude>
    <ClInclude Include="src\Aria\Window.h">
      <Filter>Aria</Filter>
    </ClInclude>
    <ClInclude Include="src\Platform\Windows\WindowsWindow.h">
      <Filter>Platform\Windows</Filter>
    </ClInclude>
    <ClInclude Include="src\ariapch.h" />
  </ItemGroup>
  <ItemGroup>
    <ClCompile Include="src\Aria\Application.cpp">
      <Filter>Aria</Filter>
    </ClCompile>
    <ClCompile Include="src\Aria\Layer.cpp">
      <Filter>Aria</Filter>
    </ClCompile>
    <ClCompile Include="src\Aria\LayerStack.cpp">
      <Filter>Aria</Filter>
    </ClCompile>
    <ClCompile Include="src\Aria\Log.cpp">
      <Filter>Aria</Filter>
    </ClCompile>
    <ClCompile Include="src\Platform\Windows\WindowsWindow.cpp">
      <Filter>Platform\Windows</Filter>
    </ClCompile>
    <ClCompile Include="src\ariapch.cpp" />
  </ItemGroup>
</Project>