<?xml version="1.0" encoding="utf-8"?>
<Project ToolsVersion="4.0" xmlns="http://schemas.microsoft.com/developer/msbuild/2003">
  <ItemGroup>
    <Filter Include="Aria">
      <UniqueIdentifier>{02A7827C-EEDD-830D-97CA-691083E0FF0E}</UniqueIdentifier>
    </Filter>
  </ItemGroup>
  <ItemGroup>
    <ClInclude Include="src\Aria.h" />
    <ClInclude Include="src\Aria\Application.h">
      <Filter>Aria</Filter>
    </ClInclude>
    <ClInclude Include="src\Aria\Core.h">
      <Filter>Aria</Filter>
    </ClInclude>
    <ClInclude Include="src\Aria\EntryPoint.h">
      <Filter>Aria</Filter>
    </ClInclude>
    <ClInclude Include="src\Aria\Log.h">
      <Filter>Aria</Filter>
    </ClInclude>
  </ItemGroup>
  <ItemGroup>
    <ClCompile Include="src\Aria\Application.cpp">
      <Filter>Aria</Filter>
    </ClCompile>
    <ClCompile Include="src\Aria\Log.cpp">
      <Filter>Aria</Filter>
    </ClCompile>
  </ItemGroup>
</Project>